// !$*UTF8*$!
{
	archiveVersion = 1;
	classes = {
	};
	objectVersion = 56;
	objects = {

/* Begin PBXBuildFile section */
		592F595DD6E44A22B2079C4A /* EngytitaDemoApp.swift in Sources */ = {isa = PBXBuildFile; fileRef = 92C61A509382411898268B82 /* EngytitaDemoApp.swift */; };
		DB4FDC6B60A34A7AAB42D7FA /* ContentView.swift in Sources */ = {isa = PBXBuildFile; fileRef = 02906FF477FD4890AA4541CD /* ContentView.swift */; };
		3CDF2E2FC47B42299F709546 /* DemoModel.swift in Sources */ = {isa = PBXBuildFile; fileRef = 0534E69DFAB54AE6A9AF4AFE /* DemoModel.swift */; };
		38701FEE9E6944F2AAC9BDED /* BleStack.swift in Sources */ = {isa = PBXBuildFile; fileRef = F7BCC878C7A9467CA75D662F /* BleStack.swift */; };
		1943C88D4BB84D00B77CAD11 /* DemoCrypto.swift in Sources */ = {isa = PBXBuildFile; fileRef = EED8F012E11D462280DA9F1F /* DemoCrypto.swift */; };
		347E14D544B4403AA4E68919 /* EngytitaFfi.swift in Sources */ = {isa = PBXBuildFile; fileRef = 01D9EA91E2344B698A7E0112 /* EngytitaFfi.swift */; };
		36995C7B25D44DB1ADE09490 /* EngytitaFfi.xcframework in Frameworks */ = {isa = PBXBuildFile; fileRef = E3AD607C46A64C5CB492D222 /* EngytitaFfi.xcframework */; };
/* End PBXBuildFile section */

/* Begin PBXFileReference section */
		48221D8C40E2422EAD969611 /* EngytitaDemo.app */ = {isa = PBXFileReference; explicitFileType = wrapper.application; includeInIndex = 0; path = EngytitaDemo.app; sourceTree = BUILT_PRODUCTS_DIR; };
		92C61A509382411898268B82 /* EngytitaDemoApp.swift */ = {isa = PBXFileReference; lastKnownFileType = sourcecode.swift; path = EngytitaDemoApp.swift; sourceTree = "<group>"; };
		02906FF477FD4890AA4541CD /* ContentView.swift */ = {isa = PBXFileReference; lastKnownFileType = sourcecode.swift; path = ContentView.swift; sourceTree = "<group>"; };
		0534E69DFAB54AE6A9AF4AFE /* DemoModel.swift */ = {isa = PBXFileReference; lastKnownFileType = sourcecode.swift; path = DemoModel.swift; sourceTree = "<group>"; };
		F7BCC878C7A9467CA75D662F /* BleStack.swift */ = {isa = PBXFileReference; lastKnownFileType = sourcecode.swift; path = BleStack.swift; sourceTree = "<group>"; };
		EED8F012E11D462280DA9F1F /* DemoCrypto.swift */ = {isa = PBXFileReference; lastKnownFileType = sourcecode.swift; path = DemoCrypto.swift; sourceTree = "<group>"; };
		01D9EA91E2344B698A7E0112 /* EngytitaFfi.swift */ = {isa = PBXFileReference; lastKnownFileType = sourcecode.swift; name = EngytitaFfi.swift; path = ../../Engytita/Generated/EngytitaFfi.swift; sourceTree = "<group>"; };
		E3AD607C46A64C5CB492D222 /* EngytitaFfi.xcframework */ = {isa = PBXFileReference; lastKnownFileType = wrapper.xcframework; path = Native/EngytitaFfi.xcframework; sourceTree = "<group>"; };
		25651697158548428EA46582 /* Info.plist */ = {isa = PBXFileReference; lastKnownFileType = text.plist.xml; path = Info.plist; sourceTree = "<group>"; };
/* End PBXFileReference section */

/* Begin PBXFrameworksBuildPhase section */
		EA084D57CA69470B8605D6E7 /* Frameworks */ = {
			isa = PBXFrameworksBuildPhase;
			buildActionMask = 2147483647;
			files = (
				36995C7B25D44DB1ADE09490 /* EngytitaFfi.xcframework in Frameworks */,
			);
			runOnlyForDeploymentPostprocessing = 0;
		};
/* End PBXFrameworksBuildPhase section */

/* Begin PBXGroup section */
		DE020DD13A8A433F8786F0AF = {
			isa = PBXGroup;
			children = (
				A0E6E93EDAD043B0881F36CD /* EngytitaDemo */,
				9F82F1638C174E0EB486EF94 /* Products */,
				E3AD607C46A64C5CB492D222 /* EngytitaFfi.xcframework */,
			);
			sourceTree = "<group>";
		};
		A0E6E93EDAD043B0881F36CD /* EngytitaDemo */ = {
			isa = PBXGroup;
			children = (
				92C61A509382411898268B82 /* EngytitaDemoApp.swift */,
				02906FF477FD4890AA4541CD /* ContentView.swift */,
				0534E69DFAB54AE6A9AF4AFE /* DemoModel.swift */,
				F7BCC878C7A9467CA75D662F /* BleStack.swift */,
				EED8F012E11D462280DA9F1F /* DemoCrypto.swift */,
				01D9EA91E2344B698A7E0112 /* EngytitaFfi.swift */,
				25651697158548428EA46582 /* Info.plist */,
			);
			path = EngytitaDemo;
			sourceTree = "<group>";
		};
		9F82F1638C174E0EB486EF94 /* Products */ = {
			isa = PBXGroup;
			children = (
				48221D8C40E2422EAD969611 /* EngytitaDemo.app */,
			);
			name = Products;
			sourceTree = "<group>";
		};
/* End PBXGroup section */

/* Begin PBXNativeTarget section */
		B7E3A2469CD74B5FBD5D72D5 /* EngytitaDemo */ = {
			isa = PBXNativeTarget;
			buildConfigurationList = F87A0790338B4E19BEFA9C00 /* Build configuration list for PBXNativeTarget "EngytitaDemo" */;
			buildPhases = (
				A1BCFC9A5CE144D385D6592D /* Sources */,
				EA084D57CA69470B8605D6E7 /* Frameworks */,
				BF626400B9A94B0DB2A7E910 /* Resources */,
			);
			buildRules = (
			);
			dependencies = (
			);
			name = EngytitaDemo;
			productName = EngytitaDemo;
			productReference = 48221D8C40E2422EAD969611 /* EngytitaDemo.app */;
			productType = "com.apple.product-type.application";
		};
/* End PBXNativeTarget section */

/* Begin PBXProject section */
		2002E70EA583436099850F3E /* Project object */ = {
			isa = PBXProject;
			attributes = {
				BuildIndependentTargetsInParallel = 1;
				LastSwiftUpdateCheck = 1600;
				LastUpgradeCheck = 1600;
			};
			buildConfigurationList = D8734F26E11347D794602D24 /* Build configuration list for PBXProject "EngytitaDemo" */;
			compatibilityVersion = "Xcode 14.0";
			developmentRegion = en;
			hasScannedForEncodings = 0;
			knownRegions = (
				en,
				Base,
			);
			mainGroup = DE020DD13A8A433F8786F0AF;
			productRefGroup = 9F82F1638C174E0EB486EF94 /* Products */;
			projectDirPath = "";
			projectRoot = "";
			targets = (
				B7E3A2469CD74B5FBD5D72D5 /* EngytitaDemo */,
			);
		};
/* End PBXProject section */

/* Begin PBXResourcesBuildPhase section */
		BF626400B9A94B0DB2A7E910 /* Resources */ = {
			isa = PBXResourcesBuildPhase;
			buildActionMask = 2147483647;
			files = (
			);
			runOnlyForDeploymentPostprocessing = 0;
		};
/* End PBXResourcesBuildPhase section */

/* Begin PBXSourcesBuildPhase section */
		A1BCFC9A5CE144D385D6592D /* Sources */ = {
			isa = PBXSourcesBuildPhase;
			buildActionMask = 2147483647;
			files = (
				592F595DD6E44A22B2079C4A /* EngytitaDemoApp.swift in Sources */,
				DB4FDC6B60A34A7AAB42D7FA /* ContentView.swift in Sources */,
				3CDF2E2FC47B42299F709546 /* DemoModel.swift in Sources */,
				38701FEE9E6944F2AAC9BDED /* BleStack.swift in Sources */,
				1943C88D4BB84D00B77CAD11 /* DemoCrypto.swift in Sources */,
				347E14D544B4403AA4E68919 /* EngytitaFfi.swift in Sources */,
			);
			runOnlyForDeploymentPostprocessing = 0;
		};
/* End PBXSourcesBuildPhase section */

/* Begin XCBuildConfiguration section */
		7A390EC2AAD14CEBA46BA0DF /* Debug */ = {
			isa = XCBuildConfiguration;
			buildSettings = {
				ALWAYS_SEARCH_USER_PATHS = NO;
				CLANG_ENABLE_MODULES = YES;
				COPY_PHASE_STRIP = NO;
				DEBUG_INFORMATION_FORMAT = dwarf;
				ENABLE_TESTABILITY = YES;
				GCC_DYNAMIC_NO_PIC = NO;
				IPHONEOS_DEPLOYMENT_TARGET = 17.0;
				ONLY_ACTIVE_ARCH = YES;
				SDKROOT = iphoneos;
				SWIFT_ACTIVE_COMPILATION_CONDITIONS = "DEBUG";
				SWIFT_OPTIMIZATION_LEVEL = "-Onone";
			};
			name = Debug;
		};
		19FE34B4BDDD431F8DF46E14 /* Release */ = {
			isa = XCBuildConfiguration;
			buildSettings = {
				ALWAYS_SEARCH_USER_PATHS = NO;
				CLANG_ENABLE_MODULES = YES;
				COPY_PHASE_STRIP = NO;
				DEBUG_INFORMATION_FORMAT = "dwarf-with-dsym";
				IPHONEOS_DEPLOYMENT_TARGET = 17.0;
				SDKROOT = iphoneos;
				SWIFT_COMPILATION_MODE = wholemodule;
			};
			name = Release;
		};
		A3259714DBB84EE89A0C30E3 /* Debug */ = {
			isa = XCBuildConfiguration;
			buildSettings = {
				CODE_SIGN_STYLE = Automatic;
				CURRENT_PROJECT_VERSION = 1;
				ENABLE_PREVIEWS = YES;
				GENERATE_INFOPLIST_FILE = NO;
				INFOPLIST_FILE = EngytitaDemo/Info.plist;
				LD_RUNPATH_SEARCH_PATHS = (
					"$(inherited)",
					"@executable_path/Frameworks",
				);
				MARKETING_VERSION = 0.1.0;
				PRODUCT_BUNDLE_IDENTIFIER = org.engytita.EngytitaDemo;
				PRODUCT_NAME = "$(TARGET_NAME)";
				SWIFT_VERSION = 5.0;
				TARGETED_DEVICE_FAMILY = "1,2";
				FRAMEWORK_SEARCH_PATHS = (
					"$(inherited)",
					"$(PROJECT_DIR)/Native",
				);
				OTHER_LDFLAGS = (
					"$(inherited)",
					"-lc++",
				);
			};
			name = Debug;
		};
		343FA341AF6646CBAF6677F1 /* Release */ = {
			isa = XCBuildConfiguration;
			buildSettings = {
				CODE_SIGN_STYLE = Automatic;
				CURRENT_PROJECT_VERSION = 1;
				ENABLE_PREVIEWS = YES;
				GENERATE_INFOPLIST_FILE = NO;
				INFOPLIST_FILE = EngytitaDemo/Info.plist;
				LD_RUNPATH_SEARCH_PATHS = (
					"$(inherited)",
					"@executable_path/Frameworks",
				);
				MARKETING_VERSION = 0.1.0;
				PRODUCT_BUNDLE_IDENTIFIER = org.engytita.EngytitaDemo;
				PRODUCT_NAME = "$(TARGET_NAME)";
				SWIFT_VERSION = 5.0;
				TARGETED_DEVICE_FAMILY = "1,2";
				FRAMEWORK_SEARCH_PATHS = (
					"$(inherited)",
					"$(PROJECT_DIR)/Native",
				);
				OTHER_LDFLAGS = (
					"$(inherited)",
					"-lc++",
				);
			};
			name = Release;
		};
/* End XCBuildConfiguration section */

/* Begin XCConfigurationList section */
		D8734F26E11347D794602D24 /* Build configuration list for PBXProject "EngytitaDemo" */ = {
			isa = XCConfigurationList;
			buildConfigurations = (
				7A390EC2AAD14CEBA46BA0DF /* Debug */,
				19FE34B4BDDD431F8DF46E14 /* Release */,
			);
			defaultConfigurationIsVisible = 0;
			defaultConfigurationName = Release;
		};
		F87A0790338B4E19BEFA9C00 /* Build configuration list for PBXNativeTarget "EngytitaDemo" */ = {
			isa = XCConfigurationList;
			buildConfigurations = (
				A3259714DBB84EE89A0C30E3 /* Debug */,
				343FA341AF6646CBAF6677F1 /* Release */,
			);
			defaultConfigurationIsVisible = 0;
			defaultConfigurationName = Release;
		};
/* End XCConfigurationList section */
	};
	rootObject = 2002E70EA583436099850F3E /* Project object */;
}
